
Microsoft Visual Studio Solution File, Format Version 12.00
# Visual Studio 14
VisualStudioVersion = 14.0.25420.1
MinimumVisualStudioVersion = 10.0.40219.1
Project("{2150E333-8FDC-42A3-9474-1A3956D46DE8}") = "UI", "UI", "{2F73C6C2-4572-4217-A1AF-E40E94C573BE}"
EndProject
Project("{2150E333-8FDC-42A3-9474-1A3956D46DE8}") = "Logic", "Logic", "{51EE398D-2870-40FC-BF51-C3BCBA9277B1}"
EndProject
Project("{2150E333-8FDC-42A3-9474-1A3956D46DE8}") = ".shared", ".shared", "{84FEE300-F44E-43C6-A639-4C224306E954}"
	ProjectSection(SolutionItems) = preProject
		.shared\SharedAssemblyInfo.cs = .shared\SharedAssemblyInfo.cs
	EndProjectSection
EndProject
Project("{FAE04EC0-301F-11D3-BF4B-00C04F79EFBC}") = "UI.Desktop", "UI\UI.Desktop\UI.Desktop.csproj", "{5EF7C993-F9FE-4DBC-96CA-BEFCF222489B}"
EndProject
Project("{FAE04EC0-301F-11D3-BF4B-00C04F79EFBC}") = "Logic.UI", "Logic\Logic.UI\Logic.UI.csproj", "{A99F318A-2E9C-4708-9BE4-F2E433F00218}"
EndProject
Global
	GlobalSection(SolutionConfigurationPlatforms) = preSolution
		Debug|Any CPU = Debug|Any CPU
		Release|Any CPU = Release|Any CPU
	EndGlobalSection
	GlobalSection(ProjectConfigurationPlatforms) = postSolution
		{5EF7C993-F9FE-4DBC-96CA-BEFCF222489B}.Debug|Any CPU.ActiveCfg = Debug|Any CPU
		{5EF7C993-F9FE-4DBC-96CA-BEFCF222489B}.Debug|Any CPU.Build.0 = Debug|Any CPU
		{5EF7C993-F9FE-4DBC-96CA-BEFCF222489B}.Release|Any CPU.ActiveCfg = Release|Any CPU
		{5EF7C993-F9FE-4DBC-96CA-BEFCF222489B}.Release|Any CPU.Build.0 = Release|Any CPU
		{A99F318A-2E9C-4708-9BE4-F2E433F00218}.Debug|Any CPU.ActiveCfg = Debug|Any CPU
		{A99F318A-2E9C-4708-9BE4-F2E433F00218}.Debug|Any CPU.Build.0 = Debug|Any CPU
		{A99F318A-2E9C-4708-9BE4-F2E433F00218}.Release|Any CPU.ActiveCfg = Release|Any CPU
		{A99F318A-2E9C-4708-9BE4-F2E433F00218}.Release|Any CPU.Build.0 = Release|Any CPU
	EndGlobalSection
	GlobalSection(SolutionProperties) = preSolution
		HideSolutionNode = FALSE
	EndGlobalSection
	GlobalSection(NestedProjects) = preSolution
		{5EF7C993-F9FE-4DBC-96CA-BEFCF222489B} = {2F73C6C2-4572-4217-A1AF-E40E94C573BE}
		{A99F318A-2E9C-4708-9BE4-F2E433F00218} = {51EE398D-2870-40FC-BF51-C3BCBA9277B1}
	EndGlobalSection
EndGlobal
